
Microsoft Visual Studio Solution File, Format Version 12.00
# Visual Studio 14
VisualStudioVersion = 14.0.25420.1
MinimumVisualStudioVersion = 10.0.40219.1
Project("{FAE04EC0-301F-11D3-BF4B-00C04F79EFBC}") = "CoffeeGrinder", "CoffeeGrinder\CoffeeGrinder\CoffeeGrinder.csproj", "{98F26381-6589-49D2-BEF5-AE6722D1A128}"
EndProject
Project("{FAE04EC0-301F-11D3-BF4B-00C04F79EFBC}") = "CoffeeGrinder.Droid", "CoffeeGrinder\CoffeeGrinder.Droid\CoffeeGrinder.Droid.csproj", "{B02C1D96-EAD4-46B4-B1D3-AEBE5B250ED9}"
EndProject
Project("{FAE04EC0-301F-11D3-BF4B-00C04F79EFBC}") = "CoffeeGrinder.iOS", "CoffeeGrinder\CoffeeGrinder.iOS\CoffeeGrinder.iOS.csproj", "{3F614FBA-8CE7-4034-B3C7-57EE7E71E593}"
EndProject
Global
	GlobalSection(SolutionConfigurationPlatforms) = preSolution
		Debug|Any CPU = Debug|Any CPU
		Debug|iPhone = Debug|iPhone
		Debug|iPhoneSimulator = Debug|iPhoneSimulator
		Release|Any CPU = Release|Any CPU
		Release|iPhone = Release|iPhone
		Release|iPhoneSimulator = Release|iPhoneSimulator
	EndGlobalSection
	GlobalSection(ProjectConfigurationPlatforms) = postSolution
		{98F26381-6589-49D2-BEF5-AE6722D1A128}.Debug|Any CPU.ActiveCfg = Debug|Any CPU
		{98F26381-6589-49D2-BEF5-AE6722D1A128}.Debug|Any CPU.Build.0 = Debug|Any CPU
		{98F26381-6589-49D2-BEF5-AE6722D1A128}.Debug|iPhone.ActiveCfg = Debug|Any CPU
		{98F26381-6589-49D2-BEF5-AE6722D1A128}.Debug|iPhone.Build.0 = Debug|Any CPU
		{98F26381-6589-49D2-BEF5-AE6722D1A128}.Debug|iPhoneSimulator.ActiveCfg = Debug|Any CPU
		{98F26381-6589-49D2-BEF5-AE6722D1A128}.Debug|iPhoneSimulator.Build.0 = Debug|Any CPU
		{98F26381-6589-49D2-BEF5-AE6722D1A128}.Release|Any CPU.ActiveCfg = Release|Any CPU
		{98F26381-6589-49D2-BEF5-AE6722D1A128}.Release|Any CPU.Build.0 = Release|Any CPU
		{98F26381-6589-49D2-BEF5-AE6722D1A128}.Release|iPhone.ActiveCfg = Release|Any CPU
		{98F26381-6589-49D2-BEF5-AE6722D1A128}.Release|iPhone.Build.0 = Release|Any CPU
		{98F26381-6589-49D2-BEF5-AE6722D1A128}.Release|iPhoneSimulator.ActiveCfg = Release|Any CPU
		{98F26381-6589-49D2-BEF5-AE6722D1A128}.Release|iPhoneSimulator.Build.0 = Release|Any CPU
		{B02C1D96-EAD4-46B4-B1D3-AEBE5B250ED9}.Debug|Any CPU.ActiveCfg = Debug|Any CPU
		{B02C1D96-EAD4-46B4-B1D3-AEBE5B250ED9}.Debug|Any CPU.Build.0 = Debug|Any CPU
		{B02C1D96-EAD4-46B4-B1D3-AEBE5B250ED9}.Debug|Any CPU.Deploy.0 = Debug|Any CPU
		{B02C1D96-EAD4-46B4-B1D3-AEBE5B250ED9}.Debug|iPhone.ActiveCfg = Debug|Any CPU
		{B02C1D96-EAD4-46B4-B1D3-AEBE5B250ED9}.Debug|iPhone.Build.0 = Debug|Any CPU
		{B02C1D96-EAD4-46B4-B1D3-AEBE5B250ED9}.Debug|iPhone.Deploy.0 = Debug|Any CPU
		{B02C1D96-EAD4-46B4-B1D3-AEBE5B250ED9}.Debug|iPhoneSimulator.ActiveCfg = Debug|Any CPU
		{B02C1D96-EAD4-46B4-B1D3-AEBE5B250ED9}.Debug|iPhoneSimulator.Build.0 = Debug|Any CPU
		{B02C1D96-EAD4-46B4-B1D3-AEBE5B250ED9}.Debug|iPhoneSimulator.Deploy.0 = Debug|Any CPU
		{B02C1D96-EAD4-46B4-B1D3-AEBE5B250ED9}.Release|Any CPU.ActiveCfg = Release|Any CPU
		{B02C1D96-EAD4-46B4-B1D3-AEBE5B250ED9}.Release|Any CPU.Build.0 = Release|Any CPU
		{B02C1D96-EAD4-46B4-B1D3-AEBE5B250ED9}.Release|Any CPU.Deploy.0 = Release|Any CPU
		{B02C1D96-EAD4-46B4-B1D3-AEBE5B250ED9}.Release|iPhone.ActiveCfg = Release|Any CPU
		{B02C1D96-EAD4-46B4-B1D3-AEBE5B250ED9}.Release|iPhone.Build.0 = Release|Any CPU
		{B02C1D96-EAD4-46B4-B1D3-AEBE5B250ED9}.Release|iPhone.Deploy.0 = Release|Any CPU
		{B02C1D96-EAD4-46B4-B1D3-AEBE5B250ED9}.Release|iPhoneSimulator.ActiveCfg = Release|Any CPU
		{B02C1D96-EAD4-46B4-B1D3-AEBE5B250ED9}.Release|iPhoneSimulator.Build.0 = Release|Any CPU
		{B02C1D96-EAD4-46B4-B1D3-AEBE5B250ED9}.Release|iPhoneSimulator.Deploy.0 = Release|Any CPU
		{3F614FBA-8CE7-4034-B3C7-57EE7E71E593}.Debug|Any CPU.ActiveCfg = Debug|iPhone
		{3F614FBA-8CE7-4034-B3C7-57EE7E71E593}.Debug|iPhone.ActiveCfg = Debug|iPhone
		{3F614FBA-8CE7-4034-B3C7-57EE7E71E593}.Debug|iPhone.Build.0 = Debug|iPhone
		{3F614FBA-8CE7-4034-B3C7-57EE7E71E593}.Debug|iPhoneSimulator.ActiveCfg = Debug|iPhoneSimulator
		{3F614FBA-8CE7-4034-B3C7-57EE7E71E593}.Debug|iPhoneSimulator.Build.0 = Debug|iPhoneSimulator
		{3F614FBA-8CE7-4034-B3C7-57EE7E71E593}.Release|Any CPU.ActiveCfg = Release|iPhone
		{3F614FBA-8CE7-4034-B3C7-57EE7E71E593}.Release|iPhone.ActiveCfg = Release|iPhone
		{3F614FBA-8CE7-4034-B3C7-57EE7E71E593}.Release|iPhone.Build.0 = Release|iPhone
		{3F614FBA-8CE7-4034-B3C7-57EE7E71E593}.Release|iPhoneSimulator.ActiveCfg = Release|iPhoneSimulator
		{3F614FBA-8CE7-4034-B3C7-57EE7E71E593}.Release|iPhoneSimulator.Build.0 = Release|iPhoneSimulator
	EndGlobalSection
	GlobalSection(SolutionProperties) = preSolution
		HideSolutionNode = FALSE
	EndGlobalSection
EndGlobal
